
Microsoft Visual Studio Solution File, Format Version 12.00
# Visual Studio Version 17
VisualStudioVersion = 17.10.35013.160
MinimumVisualStudioVersion = 10.0.40219.1
Project("{FAE04EC0-301F-11D3-BF4B-00C04F79EFBC}") = "Client", "Client\Client.csproj", "{011ED0AD-935A-4FFE-BF5D-9B6EF3C5C165}"
EndProject
Global
	GlobalSection(SolutionConfigurationPlatforms) = preSolution
		Debug|Any CPU = Debug|Any CPU
		Release|Any CPU = Release|Any CPU
	EndGlobalSection
	GlobalSection(ProjectConfigurationPlatforms) = postSolution
		{011ED0AD-935A-4FFE-BF5D-9B6EF3C5C165}.Debug|Any CPU.ActiveCfg = Debug|Any CPU
		{011ED0AD-935A-4FFE-BF5D-9B6EF3C5C165}.Debug|Any CPU.Build.0 = Debug|Any CPU
		{011ED0AD-935A-4FFE-BF5D-9B6EF3C5C165}.Release|Any CPU.ActiveCfg = Release|Any CPU
		{011ED0AD-935A-4FFE-BF5D-9B6EF3C5C165}.Release|Any CPU.Build.0 = Release|Any CPU
	EndGlobalSection
	GlobalSection(SolutionProperties) = preSolution
		HideSolutionNode = FALSE
	EndGlobalSection
	GlobalSection(ExtensibilityGlobals) = postSolution
		SolutionGuid = {534BBB0F-39D8-400B-A847-489041633EA1}
	EndGlobalSection
EndGlobal
